
Microsoft Visual Studio Solution File, Format Version 12.00
# Visual Studio Version 17
VisualStudioVersion = 17.4.33213.308
MinimumVisualStudioVersion = 10.0.40219.1
Project("{FAE04EC0-301F-11D3-BF4B-00C04F79EFBC}") = "DiceRoller", "DiceRoller\DiceRoller.csproj", "{CA274A97-ADA6-4513-99D9-4329675C63AF}"
EndProject
Global
	GlobalSection(SolutionConfigurationPlatforms) = preSolution
		Debug|Any CPU = Debug|Any CPU
		Release|Any CPU = Release|Any CPU
	EndGlobalSection
	GlobalSection(ProjectConfigurationPlatforms) = postSolution
		{CA274A97-ADA6-4513-99D9-4329675C63AF}.Debug|Any CPU.ActiveCfg = Debug|Any CPU
		{CA274A97-ADA6-4513-99D9-4329675C63AF}.Debug|Any CPU.Build.0 = Debug|Any CPU
		{CA274A97-ADA6-4513-99D9-4329675C63AF}.Release|Any CPU.ActiveCfg = Release|Any CPU
		{CA274A97-ADA6-4513-99D9-4329675C63AF}.Release|Any CPU.Build.0 = Release|Any CPU
	EndGlobalSection
	GlobalSection(SolutionProperties) = preSolution
		HideSolutionNode = FALSE
	EndGlobalSection
	GlobalSection(ExtensibilityGlobals) = postSolution
		SolutionGuid = {57E1C77A-B169-47C4-A9E3-C7325E2FCCAE}
	EndGlobalSection
EndGlobal
